
Microsoft Visual Studio Solution File, Format Version 12.00
# Visual Studio Version 16
VisualStudioVersion = 16.0.31019.35
MinimumVisualStudioVersion = 10.0.40219.1
Project("{FAE04EC0-301F-11D3-BF4B-00C04F79EFBC}") = "W1D3", "W1D3\W1D3.csproj", "{A6634F98-D024-410B-900F-74BCD658EB9A}"
EndProject
Project("{FAE04EC0-301F-11D3-BF4B-00C04F79EFBC}") = "W1D5", "W1D5\W1D5.csproj", "{055E5E09-00C3-435D-A446-2A4FED5BA3C4}"
EndProject
Global
	GlobalSection(SolutionConfigurationPlatforms) = preSolution
		Debug|Any CPU = Debug|Any CPU
		Release|Any CPU = Release|Any CPU
	EndGlobalSection
	GlobalSection(ProjectConfigurationPlatforms) = postSolution
		{A6634F98-D024-410B-900F-74BCD658EB9A}.Debug|Any CPU.ActiveCfg = Debug|Any CPU
		{A6634F98-D024-410B-900F-74BCD658EB9A}.Debug|Any CPU.Build.0 = Debug|Any CPU
		{A6634F98-D024-410B-900F-74BCD658EB9A}.Release|Any CPU.ActiveCfg = Release|Any CPU
		{A6634F98-D024-410B-900F-74BCD658EB9A}.Release|Any CPU.Build.0 = Release|Any CPU
		{055E5E09-00C3-435D-A446-2A4FED5BA3C4}.Debug|Any CPU.ActiveCfg = Debug|Any CPU
		{055E5E09-00C3-435D-A446-2A4FED5BA3C4}.Debug|Any CPU.Build.0 = Debug|Any CPU
		{055E5E09-00C3-435D-A446-2A4FED5BA3C4}.Release|Any CPU.ActiveCfg = Release|Any CPU
		{055E5E09-00C3-435D-A446-2A4FED5BA3C4}.Release|Any CPU.Build.0 = Release|Any CPU
	EndGlobalSection
	GlobalSection(SolutionProperties) = preSolution
		HideSolutionNode = FALSE
	EndGlobalSection
	GlobalSection(ExtensibilityGlobals) = postSolution
		SolutionGuid = {AFF9B5D8-BA7E-4A6E-9383-200B2FE338A1}
	EndGlobalSection
EndGlobal
